
Microsoft Visual Studio Solution File, Format Version 12.00
# Visual Studio Version 16
VisualStudioVersion = 16.0.32002.261
MinimumVisualStudioVersion = 10.0.40219.1
Project("{FAE04EC0-301F-11D3-BF4B-00C04F79EFBC}") = "Deneme", "Deneme\Deneme.csproj", "{EEC4C53D-21E9-4FDF-9A6D-54FCAF3A36F6}"
EndProject
Global
	GlobalSection(SolutionConfigurationPlatforms) = preSolution
		Debug|Any CPU = Debug|Any CPU
		Release|Any CPU = Release|Any CPU
	EndGlobalSection
	GlobalSection(ProjectConfigurationPlatforms) = postSolution
		{EEC4C53D-21E9-4FDF-9A6D-54FCAF3A36F6}.Debug|Any CPU.ActiveCfg = Debug|Any CPU
		{EEC4C53D-21E9-4FDF-9A6D-54FCAF3A36F6}.Debug|Any CPU.Build.0 = Debug|Any CPU
		{EEC4C53D-21E9-4FDF-9A6D-54FCAF3A36F6}.Release|Any CPU.ActiveCfg = Release|Any CPU
		{EEC4C53D-21E9-4FDF-9A6D-54FCAF3A36F6}.Release|Any CPU.Build.0 = Release|Any CPU
	EndGlobalSection
	GlobalSection(SolutionProperties) = preSolution
		HideSolutionNode = FALSE
	EndGlobalSection
	GlobalSection(ExtensibilityGlobals) = postSolution
		SolutionGuid = {6EAEE5BD-B50F-4E84-93CC-4FE2740C7CDE}
	EndGlobalSection
EndGlobal
